
Microsoft Visual Studio Solution File, Format Version 12.00
# Visual Studio Version 17
VisualStudioVersion = 17.12.35506.116 d17.12
MinimumVisualStudioVersion = 10.0.40219.1
Project("{FAE04EC0-301F-11D3-BF4B-00C04F79EFBC}") = "LAB6_Variant5_OOP_rework", "LAB6_Variant5_OOP_rework\LAB6_Variant5_OOP_rework.csproj", "{FBC7157B-A728-4101-8C4B-9A095A7482EF}"
EndProject
Global
	GlobalSection(SolutionConfigurationPlatforms) = preSolution
		Debug|Any CPU = Debug|Any CPU
		Release|Any CPU = Release|Any CPU
	EndGlobalSection
	GlobalSection(ProjectConfigurationPlatforms) = postSolution
		{FBC7157B-A728-4101-8C4B-9A095A7482EF}.Debug|Any CPU.ActiveCfg = Debug|Any CPU
		{FBC7157B-A728-4101-8C4B-9A095A7482EF}.Debug|Any CPU.Build.0 = Debug|Any CPU
		{FBC7157B-A728-4101-8C4B-9A095A7482EF}.Release|Any CPU.ActiveCfg = Release|Any CPU
		{FBC7157B-A728-4101-8C4B-9A095A7482EF}.Release|Any CPU.Build.0 = Release|Any CPU
	EndGlobalSection
	GlobalSection(SolutionProperties) = preSolution
		HideSolutionNode = FALSE
	EndGlobalSection
EndGlobal
